
Microsoft Visual Studio Solution File, Format Version 12.00
# Visual Studio Version 17
VisualStudioVersion = 17.6.33829.357
MinimumVisualStudioVersion = 10.0.40219.1
Project("{9A19103F-16F7-4668-BE54-9A1E7A4F7556}") = "KWandRSconvo", "KanyeWest\KWandRSconvo.csproj", "{EA2079D9-2E68-4E39-B971-96F6C7E62151}"
EndProject
Global
	GlobalSection(SolutionConfigurationPlatforms) = preSolution
		Debug|Any CPU = Debug|Any CPU
		Release|Any CPU = Release|Any CPU
	EndGlobalSection
	GlobalSection(ProjectConfigurationPlatforms) = postSolution
		{EA2079D9-2E68-4E39-B971-96F6C7E62151}.Debug|Any CPU.ActiveCfg = Debug|Any CPU
		{EA2079D9-2E68-4E39-B971-96F6C7E62151}.Debug|Any CPU.Build.0 = Debug|Any CPU
		{EA2079D9-2E68-4E39-B971-96F6C7E62151}.Release|Any CPU.ActiveCfg = Release|Any CPU
		{EA2079D9-2E68-4E39-B971-96F6C7E62151}.Release|Any CPU.Build.0 = Release|Any CPU
	EndGlobalSection
	GlobalSection(SolutionProperties) = preSolution
		HideSolutionNode = FALSE
	EndGlobalSection
	GlobalSection(ExtensibilityGlobals) = postSolution
		SolutionGuid = {C7D88139-A800-46AA-90B8-FF6FB351F764}
	EndGlobalSection
EndGlobal
